{
  "requires": true,
  "lockfileVersion": 1,
  "dependencies": {
    "tabulator-tables": {
      "version": "4.7.2",
      "resolved": "https://registry.npmjs.org/tabulator-tables/-/tabulator-tables-4.7.2.tgz",
      "integrity": "sha512-UbG3/ylOfTmyJHk6EGpuO6hrTlfsKAmiNRz1hYZwhBzL2y9O3QnykVGhMTBSdaz4Cm38Ed4+Ez848dagzSg1qA=="
    }
  }
}
